
Microsoft Visual Studio Solution File, Format Version 12.00
# Visual Studio Version 16
VisualStudioVersion = 16.0.31729.503
MinimumVisualStudioVersion = 10.0.40219.1
Project("{9A19103F-16F7-4668-BE54-9A1E7A4F7556}") = "Передача параметров приложению в консоли", "Передача параметров приложению в консоли\Передача параметров приложению в консоли.csproj", "{1D0F3445-BE85-4BFB-BB4B-1DADA24C5F99}"
EndProject
Project("{9A19103F-16F7-4668-BE54-9A1E7A4F7556}") = "Задача 2", "Задача 2\Задача 2.csproj", "{D01E9DBD-CCDD-4AC7-8A83-1E6DCC5D26C8}"
EndProject
Project("{9A19103F-16F7-4668-BE54-9A1E7A4F7556}") = "Определить в каком числе больше цифр", "Определить в каком числе больше цифр\Определить в каком числе больше цифр.csproj", "{0E199D26-997E-47DA-BED3-F935F9D8721B}"
EndProject
Project("{9A19103F-16F7-4668-BE54-9A1E7A4F7556}") = "Массив,нахождение экстремума,и отсортированть", "Массив,нахождение экстремума,и отсортированть\Массив,нахождение экстремума,и отсортированть.csproj", "{14228EE9-B0D8-40B5-84CD-931208B9DFAA}"
EndProject
Project("{FAE04EC0-301F-11D3-BF4B-00C04F79EFBC}") = "Реализация задачи Company", "Реализация задачи Company\Реализация задачи Company.csproj", "{228093AB-8F44-4802-A678-FC3FD0DDD1F5}"
EndProject
Global
	GlobalSection(SolutionConfigurationPlatforms) = preSolution
		Debug|Any CPU = Debug|Any CPU
		Release|Any CPU = Release|Any CPU
	EndGlobalSection
	GlobalSection(ProjectConfigurationPlatforms) = postSolution
		{1D0F3445-BE85-4BFB-BB4B-1DADA24C5F99}.Debug|Any CPU.ActiveCfg = Debug|Any CPU
		{1D0F3445-BE85-4BFB-BB4B-1DADA24C5F99}.Debug|Any CPU.Build.0 = Debug|Any CPU
		{1D0F3445-BE85-4BFB-BB4B-1DADA24C5F99}.Release|Any CPU.ActiveCfg = Release|Any CPU
		{1D0F3445-BE85-4BFB-BB4B-1DADA24C5F99}.Release|Any CPU.Build.0 = Release|Any CPU
		{D01E9DBD-CCDD-4AC7-8A83-1E6DCC5D26C8}.Debug|Any CPU.ActiveCfg = Debug|Any CPU
		{D01E9DBD-CCDD-4AC7-8A83-1E6DCC5D26C8}.Debug|Any CPU.Build.0 = Debug|Any CPU
		{D01E9DBD-CCDD-4AC7-8A83-1E6DCC5D26C8}.Release|Any CPU.ActiveCfg = Release|Any CPU
		{D01E9DBD-CCDD-4AC7-8A83-1E6DCC5D26C8}.Release|Any CPU.Build.0 = Release|Any CPU
		{0E199D26-997E-47DA-BED3-F935F9D8721B}.Debug|Any CPU.ActiveCfg = Debug|Any CPU
		{0E199D26-997E-47DA-BED3-F935F9D8721B}.Debug|Any CPU.Build.0 = Debug|Any CPU
		{0E199D26-997E-47DA-BED3-F935F9D8721B}.Release|Any CPU.ActiveCfg = Release|Any CPU
		{0E199D26-997E-47DA-BED3-F935F9D8721B}.Release|Any CPU.Build.0 = Release|Any CPU
		{14228EE9-B0D8-40B5-84CD-931208B9DFAA}.Debug|Any CPU.ActiveCfg = Debug|Any CPU
		{14228EE9-B0D8-40B5-84CD-931208B9DFAA}.Debug|Any CPU.Build.0 = Debug|Any CPU
		{14228EE9-B0D8-40B5-84CD-931208B9DFAA}.Release|Any CPU.ActiveCfg = Release|Any CPU
		{14228EE9-B0D8-40B5-84CD-931208B9DFAA}.Release|Any CPU.Build.0 = Release|Any CPU
		{228093AB-8F44-4802-A678-FC3FD0DDD1F5}.Debug|Any CPU.ActiveCfg = Debug|Any CPU
		{228093AB-8F44-4802-A678-FC3FD0DDD1F5}.Debug|Any CPU.Build.0 = Debug|Any CPU
		{228093AB-8F44-4802-A678-FC3FD0DDD1F5}.Release|Any CPU.ActiveCfg = Release|Any CPU
		{228093AB-8F44-4802-A678-FC3FD0DDD1F5}.Release|Any CPU.Build.0 = Release|Any CPU
	EndGlobalSection
	GlobalSection(SolutionProperties) = preSolution
		HideSolutionNode = FALSE
	EndGlobalSection
	GlobalSection(ExtensibilityGlobals) = postSolution
		SolutionGuid = {4571C0FD-B089-4B73-B3D2-B47A3FC82BA4}
	EndGlobalSection
EndGlobal
